
Microsoft Visual Studio Solution File, Format Version 12.00
# Visual Studio Version 16
VisualStudioVersion = 16.0.30225.117
MinimumVisualStudioVersion = 10.0.40219.1
Project("{FAE04EC0-301F-11D3-BF4B-00C04F79EFBC}") = "JobBoard.Web", "JobBoard.Web\JobBoard.Web.csproj", "{A50B763A-003F-446E-8F47-B476042971A7}"
EndProject
Global
	GlobalSection(SolutionConfigurationPlatforms) = preSolution
		Debug|Any CPU = Debug|Any CPU
		Release|Any CPU = Release|Any CPU
	EndGlobalSection
	GlobalSection(ProjectConfigurationPlatforms) = postSolution
		{A50B763A-003F-446E-8F47-B476042971A7}.Debug|Any CPU.ActiveCfg = Debug|Any CPU
		{A50B763A-003F-446E-8F47-B476042971A7}.Debug|Any CPU.Build.0 = Debug|Any CPU
		{A50B763A-003F-446E-8F47-B476042971A7}.Release|Any CPU.ActiveCfg = Release|Any CPU
		{A50B763A-003F-446E-8F47-B476042971A7}.Release|Any CPU.Build.0 = Release|Any CPU
	EndGlobalSection
	GlobalSection(SolutionProperties) = preSolution
		HideSolutionNode = FALSE
	EndGlobalSection
	GlobalSection(ExtensibilityGlobals) = postSolution
		SolutionGuid = {0B48AF24-049E-43CA-B4B7-B59BE5EB7C42}
	EndGlobalSection
EndGlobal
